{
  "pins" : [
    {
      "identity" : "swiftui-atom-properties",
      "kind" : "remoteSourceControl",
      "location" : "https://github.com/ra1028/swiftui-atom-properties",
      "state" : {
        "branch" : "main",
        "revision" : "df7d6cc78cb9581b860b4ff0f4ebfd48bd41a07b"
      }
    }
  ],
  "version" : 2
}
