PODS:
  - Forge (1.0.8)
  - Satin (1.3.0)
  - Youi (1.0.1):
    - Satin

DEPENDENCIES:
  - Forge (from `../../Hi-Rez/Forge`)
  - Satin (from `../../Hi-Rez/Satin`)
  - Youi (from `../../Hi-Rez/Youi`)

EXTERNAL SOURCES:
  Forge:
    :path: "../../Hi-Rez/Forge"
  Satin:
    :path: "../../Hi-Rez/Satin"
  Youi:
    :path: "../../Hi-Rez/Youi"

SPEC CHECKSUMS:
  Forge: 9e4267d3f0f72bb486a3b62f5cc0afca6dee6856
  Satin: d312173abf4150be9df5d44e8e969999221c8ed8
  Youi: e46c797d73f07c3baf3f4e5ac40e75122d09b1ba

PODFILE CHECKSUM: d295d2fcd6f1a447e16a529587713bec98605df0

COCOAPODS: 1.10.0
