// !$*UTF8*$!
{
	archiveVersion = 1;
	classes = {
	};
	objectVersion = 56;
	objects = {

/* Begin PBXBuildFile section */
		1D02B40428B7E84600BACE7A /* TweetArchiveStore.swift in Sources */ = {isa = PBXBuildFile; fileRef = 1D02B40328B7E84600BACE7A /* TweetArchiveStore.swift */; };
		1D02B40728B7EA7600BACE7A /* tweet500.js in Resources */ = {isa = PBXBuildFile; fileRef = 1D02B40528B7EA7600BACE7A /* tweet500.js */; };
		1D02B40828B7EA7600BACE7A /* tweet50.js in Resources */ = {isa = PBXBuildFile; fileRef = 1D02B40628B7EA7600BACE7A /* tweet50.js */; };
		1D02B40A28B7EEC500BACE7A /* Tweet.swift in Sources */ = {isa = PBXBuildFile; fileRef = 1D02B40928B7EEC500BACE7A /* Tweet.swift */; };
		1D02B40C28B7F09600BACE7A /* ControlsView.swift in Sources */ = {isa = PBXBuildFile; fileRef = 1D02B40B28B7F09600BACE7A /* ControlsView.swift */; };
		1D02B40E28B7F0AA00BACE7A /* TweetArchiveAtom.swift in Sources */ = {isa = PBXBuildFile; fileRef = 1D02B40D28B7F0AA00BACE7A /* TweetArchiveAtom.swift */; };
		1D02B41028B7F78000BACE7A /* TweetCanvasView.swift in Sources */ = {isa = PBXBuildFile; fileRef = 1D02B40F28B7F78000BACE7A /* TweetCanvasView.swift */; };
		1D02B41228B7FF9700BACE7A /* TweetVisual.swift in Sources */ = {isa = PBXBuildFile; fileRef = 1D02B41128B7FF9700BACE7A /* TweetVisual.swift */; };
		1D02B41628B8000600BACE7A /* Hue.swift in Sources */ = {isa = PBXBuildFile; fileRef = 1D02B41528B8000600BACE7A /* Hue.swift */; };
		1D02B41828B8008800BACE7A /* TweetVisualsAtom.swift in Sources */ = {isa = PBXBuildFile; fileRef = 1D02B41728B8008800BACE7A /* TweetVisualsAtom.swift */; };
		1D02B41A28B8039E00BACE7A /* Collection+optional.swift in Sources */ = {isa = PBXBuildFile; fileRef = 1D02B41928B8039E00BACE7A /* Collection+optional.swift */; };
		1D02B41C28B913F200BACE7A /* GridAtom.swift in Sources */ = {isa = PBXBuildFile; fileRef = 1D02B41B28B913F200BACE7A /* GridAtom.swift */; };
		1D02B41F28B91F9A00BACE7A /* MouseInside.swift in Sources */ = {isa = PBXBuildFile; fileRef = 1D02B41E28B91F9A00BACE7A /* MouseInside.swift */; };
		1D02B42128B924C700BACE7A /* TrackingMouse.swift in Sources */ = {isa = PBXBuildFile; fileRef = 1D02B42028B924C700BACE7A /* TrackingMouse.swift */; };
		1D02B42328B925E800BACE7A /* MouseMove.swift in Sources */ = {isa = PBXBuildFile; fileRef = 1D02B42228B925E800BACE7A /* MouseMove.swift */; };
		1D02B42528B934B900BACE7A /* TweetHoverView.swift in Sources */ = {isa = PBXBuildFile; fileRef = 1D02B42428B934B900BACE7A /* TweetHoverView.swift */; };
		1D02B42728B934E700BACE7A /* EmbedAtom.swift in Sources */ = {isa = PBXBuildFile; fileRef = 1D02B42628B934E700BACE7A /* EmbedAtom.swift */; };
		1D3F13E62892B5370008F2EF /* VisaVizApp.swift in Sources */ = {isa = PBXBuildFile; fileRef = 1D3F13E52892B5370008F2EF /* VisaVizApp.swift */; };
		1D3F13E82892B5370008F2EF /* ContentView.swift in Sources */ = {isa = PBXBuildFile; fileRef = 1D3F13E72892B5370008F2EF /* ContentView.swift */; };
		1D3F13EA2892B5390008F2EF /* Assets.xcassets in Resources */ = {isa = PBXBuildFile; fileRef = 1D3F13E92892B5390008F2EF /* Assets.xcassets */; };
		1D3F13EE2892B5390008F2EF /* Preview Assets.xcassets in Resources */ = {isa = PBXBuildFile; fileRef = 1D3F13ED2892B5390008F2EF /* Preview Assets.xcassets */; };
		1D3F13F62892B5690008F2EF /* Atoms in Frameworks */ = {isa = PBXBuildFile; productRef = 1D3F13F52892B5690008F2EF /* Atoms */; };
		1D3F13F82892B5820008F2EF /* CanvasTestView.swift in Sources */ = {isa = PBXBuildFile; fileRef = 1D3F13F72892B5820008F2EF /* CanvasTestView.swift */; };
		1DD83B9528B9ACCA0017A5F3 /* TweetView.swift in Sources */ = {isa = PBXBuildFile; fileRef = 1DD83B9428B9ACCA0017A5F3 /* TweetView.swift */; };
		1DD83B9728B9B0220017A5F3 /* DateFormatter.swift in Sources */ = {isa = PBXBuildFile; fileRef = 1DD83B9628B9B0220017A5F3 /* DateFormatter.swift */; };
		1DD83B9928BA59100017A5F3 /* OffsettableScrollView.swift in Sources */ = {isa = PBXBuildFile; fileRef = 1DD83B9828BA59100017A5F3 /* OffsettableScrollView.swift */; };
		1DD83B9B28BA617D0017A5F3 /* ScrollAtom.swift in Sources */ = {isa = PBXBuildFile; fileRef = 1DD83B9A28BA617D0017A5F3 /* ScrollAtom.swift */; };
		1DD83B9D28BA624F0017A5F3 /* CG+Hashable.swift in Sources */ = {isa = PBXBuildFile; fileRef = 1DD83B9C28BA624F0017A5F3 /* CG+Hashable.swift */; };
		1DD83B9F28BBA1AD0017A5F3 /* View+frame.swift in Sources */ = {isa = PBXBuildFile; fileRef = 1DD83B9E28BBA1AD0017A5F3 /* View+frame.swift */; };
		1DD83BA128BBA9BB0017A5F3 /* LoadFileButton.swift in Sources */ = {isa = PBXBuildFile; fileRef = 1DD83BA028BBA9BB0017A5F3 /* LoadFileButton.swift */; };
		1DD83BA328BD1A770017A5F3 /* Histogram.swift in Sources */ = {isa = PBXBuildFile; fileRef = 1DD83BA228BD1A770017A5F3 /* Histogram.swift */; };
/* End PBXBuildFile section */

/* Begin PBXFileReference section */
		1D02B40328B7E84600BACE7A /* TweetArchiveStore.swift */ = {isa = PBXFileReference; lastKnownFileType = sourcecode.swift; path = TweetArchiveStore.swift; sourceTree = "<group>"; };
		1D02B40528B7EA7600BACE7A /* tweet500.js */ = {isa = PBXFileReference; fileEncoding = 4; lastKnownFileType = sourcecode.javascript; path = tweet500.js; sourceTree = "<group>"; };
		1D02B40628B7EA7600BACE7A /* tweet50.js */ = {isa = PBXFileReference; fileEncoding = 4; lastKnownFileType = sourcecode.javascript; path = tweet50.js; sourceTree = "<group>"; };
		1D02B40928B7EEC500BACE7A /* Tweet.swift */ = {isa = PBXFileReference; lastKnownFileType = sourcecode.swift; path = Tweet.swift; sourceTree = "<group>"; };
		1D02B40B28B7F09600BACE7A /* ControlsView.swift */ = {isa = PBXFileReference; lastKnownFileType = sourcecode.swift; path = ControlsView.swift; sourceTree = "<group>"; };
		1D02B40D28B7F0AA00BACE7A /* TweetArchiveAtom.swift */ = {isa = PBXFileReference; lastKnownFileType = sourcecode.swift; path = TweetArchiveAtom.swift; sourceTree = "<group>"; };
		1D02B40F28B7F78000BACE7A /* TweetCanvasView.swift */ = {isa = PBXFileReference; lastKnownFileType = sourcecode.swift; path = TweetCanvasView.swift; sourceTree = "<group>"; };
		1D02B41128B7FF9700BACE7A /* TweetVisual.swift */ = {isa = PBXFileReference; lastKnownFileType = sourcecode.swift; path = TweetVisual.swift; sourceTree = "<group>"; };
		1D02B41528B8000600BACE7A /* Hue.swift */ = {isa = PBXFileReference; lastKnownFileType = sourcecode.swift; path = Hue.swift; sourceTree = "<group>"; };
		1D02B41728B8008800BACE7A /* TweetVisualsAtom.swift */ = {isa = PBXFileReference; lastKnownFileType = sourcecode.swift; path = TweetVisualsAtom.swift; sourceTree = "<group>"; };
		1D02B41928B8039E00BACE7A /* Collection+optional.swift */ = {isa = PBXFileReference; fileEncoding = 4; lastKnownFileType = sourcecode.swift; path = "Collection+optional.swift"; sourceTree = "<group>"; };
		1D02B41B28B913F200BACE7A /* GridAtom.swift */ = {isa = PBXFileReference; lastKnownFileType = sourcecode.swift; path = GridAtom.swift; sourceTree = "<group>"; };
		1D02B41E28B91F9A00BACE7A /* MouseInside.swift */ = {isa = PBXFileReference; lastKnownFileType = sourcecode.swift; path = MouseInside.swift; sourceTree = "<group>"; };
		1D02B42028B924C700BACE7A /* TrackingMouse.swift */ = {isa = PBXFileReference; lastKnownFileType = sourcecode.swift; path = TrackingMouse.swift; sourceTree = "<group>"; };
		1D02B42228B925E800BACE7A /* MouseMove.swift */ = {isa = PBXFileReference; lastKnownFileType = sourcecode.swift; path = MouseMove.swift; sourceTree = "<group>"; };
		1D02B42428B934B900BACE7A /* TweetHoverView.swift */ = {isa = PBXFileReference; lastKnownFileType = sourcecode.swift; path = TweetHoverView.swift; sourceTree = "<group>"; };
		1D02B42628B934E700BACE7A /* EmbedAtom.swift */ = {isa = PBXFileReference; lastKnownFileType = sourcecode.swift; path = EmbedAtom.swift; sourceTree = "<group>"; };
		1D3F13E22892B5370008F2EF /* VisaViz.app */ = {isa = PBXFileReference; explicitFileType = wrapper.application; includeInIndex = 0; path = VisaViz.app; sourceTree = BUILT_PRODUCTS_DIR; };
		1D3F13E52892B5370008F2EF /* VisaVizApp.swift */ = {isa = PBXFileReference; lastKnownFileType = sourcecode.swift; path = VisaVizApp.swift; sourceTree = "<group>"; };
		1D3F13E72892B5370008F2EF /* ContentView.swift */ = {isa = PBXFileReference; lastKnownFileType = sourcecode.swift; path = ContentView.swift; sourceTree = "<group>"; };
		1D3F13E92892B5390008F2EF /* Assets.xcassets */ = {isa = PBXFileReference; lastKnownFileType = folder.assetcatalog; path = Assets.xcassets; sourceTree = "<group>"; };
		1D3F13EB2892B5390008F2EF /* VisaViz.entitlements */ = {isa = PBXFileReference; lastKnownFileType = text.plist.entitlements; path = VisaViz.entitlements; sourceTree = "<group>"; };
		1D3F13ED2892B5390008F2EF /* Preview Assets.xcassets */ = {isa = PBXFileReference; lastKnownFileType = folder.assetcatalog; path = "Preview Assets.xcassets"; sourceTree = "<group>"; };
		1D3F13F72892B5820008F2EF /* CanvasTestView.swift */ = {isa = PBXFileReference; lastKnownFileType = sourcecode.swift; path = CanvasTestView.swift; sourceTree = "<group>"; };
		1DD83B9428B9ACCA0017A5F3 /* TweetView.swift */ = {isa = PBXFileReference; lastKnownFileType = sourcecode.swift; path = TweetView.swift; sourceTree = "<group>"; };
		1DD83B9628B9B0220017A5F3 /* DateFormatter.swift */ = {isa = PBXFileReference; lastKnownFileType = sourcecode.swift; path = DateFormatter.swift; sourceTree = "<group>"; };
		1DD83B9828BA59100017A5F3 /* OffsettableScrollView.swift */ = {isa = PBXFileReference; lastKnownFileType = sourcecode.swift; path = OffsettableScrollView.swift; sourceTree = "<group>"; };
		1DD83B9A28BA617D0017A5F3 /* ScrollAtom.swift */ = {isa = PBXFileReference; lastKnownFileType = sourcecode.swift; path = ScrollAtom.swift; sourceTree = "<group>"; };
		1DD83B9C28BA624F0017A5F3 /* CG+Hashable.swift */ = {isa = PBXFileReference; lastKnownFileType = sourcecode.swift; path = "CG+Hashable.swift"; sourceTree = "<group>"; };
		1DD83B9E28BBA1AD0017A5F3 /* View+frame.swift */ = {isa = PBXFileReference; lastKnownFileType = sourcecode.swift; path = "View+frame.swift"; sourceTree = "<group>"; };
		1DD83BA028BBA9BB0017A5F3 /* LoadFileButton.swift */ = {isa = PBXFileReference; lastKnownFileType = sourcecode.swift; path = LoadFileButton.swift; sourceTree = "<group>"; };
		1DD83BA228BD1A770017A5F3 /* Histogram.swift */ = {isa = PBXFileReference; lastKnownFileType = sourcecode.swift; path = Histogram.swift; sourceTree = "<group>"; };
/* End PBXFileReference section */

/* Begin PBXFrameworksBuildPhase section */
		1D3F13DF2892B5370008F2EF /* Frameworks */ = {
			isa = PBXFrameworksBuildPhase;
			buildActionMask = 2147483647;
			files = (
				1D3F13F62892B5690008F2EF /* Atoms in Frameworks */,
			);
			runOnlyForDeploymentPostprocessing = 0;
		};
/* End PBXFrameworksBuildPhase section */

/* Begin PBXGroup section */
		1D02B40128B7E6A700BACE7A /* Views */ = {
			isa = PBXGroup;
			children = (
				1D3F13F72892B5820008F2EF /* CanvasTestView.swift */,
				1D02B40B28B7F09600BACE7A /* ControlsView.swift */,
				1D02B40F28B7F78000BACE7A /* TweetCanvasView.swift */,
				1D02B42428B934B900BACE7A /* TweetHoverView.swift */,
				1DD83B9428B9ACCA0017A5F3 /* TweetView.swift */,
				1DD83BA028BBA9BB0017A5F3 /* LoadFileButton.swift */,
			);
			path = Views;
			sourceTree = "<group>";
		};
		1D02B40228B7E6AC00BACE7A /* Model */ = {
			isa = PBXGroup;
			children = (
				1D02B40628B7EA7600BACE7A /* tweet50.js */,
				1D02B40528B7EA7600BACE7A /* tweet500.js */,
				1D02B41428B7FFA700BACE7A /* Quarks */,
				1D02B41328B7FF9C00BACE7A /* Atoms */,
				1D02B40328B7E84600BACE7A /* TweetArchiveStore.swift */,
			);
			path = Model;
			sourceTree = "<group>";
		};
		1D02B41328B7FF9C00BACE7A /* Atoms */ = {
			isa = PBXGroup;
			children = (
				1D02B40D28B7F0AA00BACE7A /* TweetArchiveAtom.swift */,
				1D02B41728B8008800BACE7A /* TweetVisualsAtom.swift */,
				1D02B41B28B913F200BACE7A /* GridAtom.swift */,
				1DD83B9A28BA617D0017A5F3 /* ScrollAtom.swift */,
			);
			name = Atoms;
			sourceTree = "<group>";
		};
		1D02B41428B7FFA700BACE7A /* Quarks */ = {
			isa = PBXGroup;
			children = (
				1D02B40928B7EEC500BACE7A /* Tweet.swift */,
				1D02B41128B7FF9700BACE7A /* TweetVisual.swift */,
				1D02B41528B8000600BACE7A /* Hue.swift */,
				1DD83BA228BD1A770017A5F3 /* Histogram.swift */,
			);
			name = Quarks;
			sourceTree = "<group>";
		};
		1D02B41D28B91F8200BACE7A /* Tools */ = {
			isa = PBXGroup;
			children = (
				1D02B41928B8039E00BACE7A /* Collection+optional.swift */,
				1D02B41E28B91F9A00BACE7A /* MouseInside.swift */,
				1D02B42028B924C700BACE7A /* TrackingMouse.swift */,
				1D02B42228B925E800BACE7A /* MouseMove.swift */,
				1D02B42628B934E700BACE7A /* EmbedAtom.swift */,
				1DD83B9628B9B0220017A5F3 /* DateFormatter.swift */,
				1DD83B9C28BA624F0017A5F3 /* CG+Hashable.swift */,
				1DD83B9E28BBA1AD0017A5F3 /* View+frame.swift */,
				1DD83B9828BA59100017A5F3 /* OffsettableScrollView.swift */,
			);
			path = Tools;
			sourceTree = "<group>";
		};
		1D3F13D92892B5370008F2EF = {
			isa = PBXGroup;
			children = (
				1D3F13E42892B5370008F2EF /* VisaViz */,
				1D3F13E32892B5370008F2EF /* Products */,
			);
			sourceTree = "<group>";
		};
		1D3F13E32892B5370008F2EF /* Products */ = {
			isa = PBXGroup;
			children = (
				1D3F13E22892B5370008F2EF /* VisaViz.app */,
			);
			name = Products;
			sourceTree = "<group>";
		};
		1D3F13E42892B5370008F2EF /* VisaViz */ = {
			isa = PBXGroup;
			children = (
				1D3F13E52892B5370008F2EF /* VisaVizApp.swift */,
				1D3F13E72892B5370008F2EF /* ContentView.swift */,
				1D02B40128B7E6A700BACE7A /* Views */,
				1D02B40228B7E6AC00BACE7A /* Model */,
				1D02B41D28B91F8200BACE7A /* Tools */,
				1D3F13E92892B5390008F2EF /* Assets.xcassets */,
				1D3F13EB2892B5390008F2EF /* VisaViz.entitlements */,
				1D3F13EC2892B5390008F2EF /* Preview Content */,
			);
			path = VisaViz;
			sourceTree = "<group>";
		};
		1D3F13EC2892B5390008F2EF /* Preview Content */ = {
			isa = PBXGroup;
			children = (
				1D3F13ED2892B5390008F2EF /* Preview Assets.xcassets */,
			);
			path = "Preview Content";
			sourceTree = "<group>";
		};
/* End PBXGroup section */

/* Begin PBXNativeTarget section */
		1D3F13E12892B5370008F2EF /* VisaViz */ = {
			isa = PBXNativeTarget;
			buildConfigurationList = 1D3F13F12892B5390008F2EF /* Build configuration list for PBXNativeTarget "VisaViz" */;
			buildPhases = (
				1D3F13DE2892B5370008F2EF /* Sources */,
				1D3F13DF2892B5370008F2EF /* Frameworks */,
				1D3F13E02892B5370008F2EF /* Resources */,
			);
			buildRules = (
			);
			dependencies = (
			);
			name = VisaViz;
			packageProductDependencies = (
				1D3F13F52892B5690008F2EF /* Atoms */,
			);
			productName = VisaViz;
			productReference = 1D3F13E22892B5370008F2EF /* VisaViz.app */;
			productType = "com.apple.product-type.application";
		};
/* End PBXNativeTarget section */

/* Begin PBXProject section */
		1D3F13DA2892B5370008F2EF /* Project object */ = {
			isa = PBXProject;
			attributes = {
				BuildIndependentTargetsInParallel = 1;
				LastSwiftUpdateCheck = 1400;
				LastUpgradeCheck = 1400;
				TargetAttributes = {
					1D3F13E12892B5370008F2EF = {
						CreatedOnToolsVersion = 14.0;
					};
				};
			};
			buildConfigurationList = 1D3F13DD2892B5370008F2EF /* Build configuration list for PBXProject "VisaViz" */;
			compatibilityVersion = "Xcode 14.0";
			developmentRegion = en;
			hasScannedForEncodings = 0;
			knownRegions = (
				en,
				Base,
			);
			mainGroup = 1D3F13D92892B5370008F2EF;
			packageReferences = (
				1D3F13F42892B5690008F2EF /* XCRemoteSwiftPackageReference "swiftui-atom-properties" */,
			);
			productRefGroup = 1D3F13E32892B5370008F2EF /* Products */;
			projectDirPath = "";
			projectRoot = "";
			targets = (
				1D3F13E12892B5370008F2EF /* VisaViz */,
			);
		};
/* End PBXProject section */

/* Begin PBXResourcesBuildPhase section */
		1D3F13E02892B5370008F2EF /* Resources */ = {
			isa = PBXResourcesBuildPhase;
			buildActionMask = 2147483647;
			files = (
				1D3F13EE2892B5390008F2EF /* Preview Assets.xcassets in Resources */,
				1D02B40728B7EA7600BACE7A /* tweet500.js in Resources */,
				1D3F13EA2892B5390008F2EF /* Assets.xcassets in Resources */,
				1D02B40828B7EA7600BACE7A /* tweet50.js in Resources */,
			);
			runOnlyForDeploymentPostprocessing = 0;
		};
/* End PBXResourcesBuildPhase section */

/* Begin PBXSourcesBuildPhase section */
		1D3F13DE2892B5370008F2EF /* Sources */ = {
			isa = PBXSourcesBuildPhase;
			buildActionMask = 2147483647;
			files = (
				1D02B42728B934E700BACE7A /* EmbedAtom.swift in Sources */,
				1D02B41628B8000600BACE7A /* Hue.swift in Sources */,
				1D02B41C28B913F200BACE7A /* GridAtom.swift in Sources */,
				1D02B41A28B8039E00BACE7A /* Collection+optional.swift in Sources */,
				1DD83B9F28BBA1AD0017A5F3 /* View+frame.swift in Sources */,
				1D02B42528B934B900BACE7A /* TweetHoverView.swift in Sources */,
				1D02B41228B7FF9700BACE7A /* TweetVisual.swift in Sources */,
				1DD83B9728B9B0220017A5F3 /* DateFormatter.swift in Sources */,
				1DD83B9D28BA624F0017A5F3 /* CG+Hashable.swift in Sources */,
				1D02B41028B7F78000BACE7A /* TweetCanvasView.swift in Sources */,
				1DD83BA328BD1A770017A5F3 /* Histogram.swift in Sources */,
				1DD83BA128BBA9BB0017A5F3 /* LoadFileButton.swift in Sources */,
				1D02B40C28B7F09600BACE7A /* ControlsView.swift in Sources */,
				1D3F13E82892B5370008F2EF /* ContentView.swift in Sources */,
				1D02B40A28B7EEC500BACE7A /* Tweet.swift in Sources */,
				1D3F13F82892B5820008F2EF /* CanvasTestView.swift in Sources */,
				1D02B40428B7E84600BACE7A /* TweetArchiveStore.swift in Sources */,
				1DD83B9928BA59100017A5F3 /* OffsettableScrollView.swift in Sources */,
				1D02B42128B924C700BACE7A /* TrackingMouse.swift in Sources */,
				1D02B41828B8008800BACE7A /* TweetVisualsAtom.swift in Sources */,
				1D02B42328B925E800BACE7A /* MouseMove.swift in Sources */,
				1DD83B9528B9ACCA0017A5F3 /* TweetView.swift in Sources */,
				1D3F13E62892B5370008F2EF /* VisaVizApp.swift in Sources */,
				1DD83B9B28BA617D0017A5F3 /* ScrollAtom.swift in Sources */,
				1D02B41F28B91F9A00BACE7A /* MouseInside.swift in Sources */,
				1D02B40E28B7F0AA00BACE7A /* TweetArchiveAtom.swift in Sources */,
			);
			runOnlyForDeploymentPostprocessing = 0;
		};
/* End PBXSourcesBuildPhase section */

/* Begin XCBuildConfiguration section */
		1D3F13EF2892B5390008F2EF /* Debug */ = {
			isa = XCBuildConfiguration;
			buildSettings = {
				ALWAYS_SEARCH_USER_PATHS = NO;
				CLANG_ANALYZER_NONNULL = YES;
				CLANG_ANALYZER_NUMBER_OBJECT_CONVERSION = YES_AGGRESSIVE;
				CLANG_CXX_LANGUAGE_STANDARD = "gnu++20";
				CLANG_ENABLE_MODULES = YES;
				CLANG_ENABLE_OBJC_ARC = YES;
				CLANG_ENABLE_OBJC_WEAK = YES;
				CLANG_WARN_BLOCK_CAPTURE_AUTORELEASING = YES;
				CLANG_WARN_BOOL_CONVERSION = YES;
				CLANG_WARN_COMMA = YES;
				CLANG_WARN_CONSTANT_CONVERSION = YES;
				CLANG_WARN_DEPRECATED_OBJC_IMPLEMENTATIONS = YES;
				CLANG_WARN_DIRECT_OBJC_ISA_USAGE = YES_ERROR;
				CLANG_WARN_DOCUMENTATION_COMMENTS = YES;
				CLANG_WARN_EMPTY_BODY = YES;
				CLANG_WARN_ENUM_CONVERSION = YES;
				CLANG_WARN_INFINITE_RECURSION = YES;
				CLANG_WARN_INT_CONVERSION = YES;
				CLANG_WARN_NON_LITERAL_NULL_CONVERSION = YES;
				CLANG_WARN_OBJC_IMPLICIT_RETAIN_SELF = YES;
				CLANG_WARN_OBJC_LITERAL_CONVERSION = YES;
				CLANG_WARN_OBJC_ROOT_CLASS = YES_ERROR;
				CLANG_WARN_QUOTED_INCLUDE_IN_FRAMEWORK_HEADER = YES;
				CLANG_WARN_RANGE_LOOP_ANALYSIS = YES;
				CLANG_WARN_STRICT_PROTOTYPES = YES;
				CLANG_WARN_SUSPICIOUS_MOVE = YES;
				CLANG_WARN_UNGUARDED_AVAILABILITY = YES_AGGRESSIVE;
				CLANG_WARN_UNREACHABLE_CODE = YES;
				CLANG_WARN__DUPLICATE_METHOD_MATCH = YES;
				COPY_PHASE_STRIP = NO;
				DEBUG_INFORMATION_FORMAT = dwarf;
				ENABLE_STRICT_OBJC_MSGSEND = YES;
				ENABLE_TESTABILITY = YES;
				GCC_C_LANGUAGE_STANDARD = gnu11;
				GCC_DYNAMIC_NO_PIC = NO;
				GCC_NO_COMMON_BLOCKS = YES;
				GCC_OPTIMIZATION_LEVEL = 0;
				GCC_PREPROCESSOR_DEFINITIONS = (
					"DEBUG=1",
					"$(inherited)",
				);
				GCC_WARN_64_TO_32_BIT_CONVERSION = YES;
				GCC_WARN_ABOUT_RETURN_TYPE = YES_ERROR;
				GCC_WARN_UNDECLARED_SELECTOR = YES;
				GCC_WARN_UNINITIALIZED_AUTOS = YES_AGGRESSIVE;
				GCC_WARN_UNUSED_FUNCTION = YES;
				GCC_WARN_UNUSED_VARIABLE = YES;
				MTL_ENABLE_DEBUG_INFO = INCLUDE_SOURCE;
				MTL_FAST_MATH = YES;
				ONLY_ACTIVE_ARCH = YES;
				SWIFT_ACTIVE_COMPILATION_CONDITIONS = DEBUG;
				SWIFT_OPTIMIZATION_LEVEL = "-Onone";
			};
			name = Debug;
		};
		1D3F13F02892B5390008F2EF /* Release */ = {
			isa = XCBuildConfiguration;
			buildSettings = {
				ALWAYS_SEARCH_USER_PATHS = NO;
				CLANG_ANALYZER_NONNULL = YES;
				CLANG_ANALYZER_NUMBER_OBJECT_CONVERSION = YES_AGGRESSIVE;
				CLANG_CXX_LANGUAGE_STANDARD = "gnu++20";
				CLANG_ENABLE_MODULES = YES;
				CLANG_ENABLE_OBJC_ARC = YES;
				CLANG_ENABLE_OBJC_WEAK = YES;
				CLANG_WARN_BLOCK_CAPTURE_AUTORELEASING = YES;
				CLANG_WARN_BOOL_CONVERSION = YES;
				CLANG_WARN_COMMA = YES;
				CLANG_WARN_CONSTANT_CONVERSION = YES;
				CLANG_WARN_DEPRECATED_OBJC_IMPLEMENTATIONS = YES;
				CLANG_WARN_DIRECT_OBJC_ISA_USAGE = YES_ERROR;
				CLANG_WARN_DOCUMENTATION_COMMENTS = YES;
				CLANG_WARN_EMPTY_BODY = YES;
				CLANG_WARN_ENUM_CONVERSION = YES;
				CLANG_WARN_INFINITE_RECURSION = YES;
				CLANG_WARN_INT_CONVERSION = YES;
				CLANG_WARN_NON_LITERAL_NULL_CONVERSION = YES;
				CLANG_WARN_OBJC_IMPLICIT_RETAIN_SELF = YES;
				CLANG_WARN_OBJC_LITERAL_CONVERSION = YES;
				CLANG_WARN_OBJC_ROOT_CLASS = YES_ERROR;
				CLANG_WARN_QUOTED_INCLUDE_IN_FRAMEWORK_HEADER = YES;
				CLANG_WARN_RANGE_LOOP_ANALYSIS = YES;
				CLANG_WARN_STRICT_PROTOTYPES = YES;
				CLANG_WARN_SUSPICIOUS_MOVE = YES;
				CLANG_WARN_UNGUARDED_AVAILABILITY = YES_AGGRESSIVE;
				CLANG_WARN_UNREACHABLE_CODE = YES;
				CLANG_WARN__DUPLICATE_METHOD_MATCH = YES;
				COPY_PHASE_STRIP = NO;
				DEBUG_INFORMATION_FORMAT = "dwarf-with-dsym";
				ENABLE_NS_ASSERTIONS = NO;
				ENABLE_STRICT_OBJC_MSGSEND = YES;
				GCC_C_LANGUAGE_STANDARD = gnu11;
				GCC_NO_COMMON_BLOCKS = YES;
				GCC_WARN_64_TO_32_BIT_CONVERSION = YES;
				GCC_WARN_ABOUT_RETURN_TYPE = YES_ERROR;
				GCC_WARN_UNDECLARED_SELECTOR = YES;
				GCC_WARN_UNINITIALIZED_AUTOS = YES_AGGRESSIVE;
				GCC_WARN_UNUSED_FUNCTION = YES;
				GCC_WARN_UNUSED_VARIABLE = YES;
				MTL_ENABLE_DEBUG_INFO = NO;
				MTL_FAST_MATH = YES;
				SWIFT_COMPILATION_MODE = wholemodule;
				SWIFT_OPTIMIZATION_LEVEL = "-O";
			};
			name = Release;
		};
		1D3F13F22892B5390008F2EF /* Debug */ = {
			isa = XCBuildConfiguration;
			buildSettings = {
				ASSETCATALOG_COMPILER_APPICON_NAME = AppIcon;
				ASSETCATALOG_COMPILER_GLOBAL_ACCENT_COLOR_NAME = AccentColor;
				CODE_SIGN_ENTITLEMENTS = VisaViz/VisaViz.entitlements;
				CODE_SIGN_STYLE = Automatic;
				CURRENT_PROJECT_VERSION = 1;
				DEVELOPMENT_ASSET_PATHS = "\"VisaViz/Preview Content\"";
				DEVELOPMENT_TEAM = AFEX2H2TBN;
				ENABLE_HARDENED_RUNTIME = YES;
				ENABLE_PREVIEWS = YES;
				GENERATE_INFOPLIST_FILE = YES;
				"INFOPLIST_KEY_UIApplicationSceneManifest_Generation[sdk=iphoneos*]" = YES;
				"INFOPLIST_KEY_UIApplicationSceneManifest_Generation[sdk=iphonesimulator*]" = YES;
				"INFOPLIST_KEY_UIApplicationSupportsIndirectInputEvents[sdk=iphoneos*]" = YES;
				"INFOPLIST_KEY_UIApplicationSupportsIndirectInputEvents[sdk=iphonesimulator*]" = YES;
				"INFOPLIST_KEY_UILaunchScreen_Generation[sdk=iphoneos*]" = YES;
				"INFOPLIST_KEY_UILaunchScreen_Generation[sdk=iphonesimulator*]" = YES;
				INFOPLIST_KEY_UISupportedInterfaceOrientations_iPad = "UIInterfaceOrientationPortrait UIInterfaceOrientationPortraitUpsideDown UIInterfaceOrientationLandscapeLeft UIInterfaceOrientationLandscapeRight";
				INFOPLIST_KEY_UISupportedInterfaceOrientations_iPhone = "UIInterfaceOrientationPortrait UIInterfaceOrientationLandscapeLeft UIInterfaceOrientationLandscapeRight";
				IPHONEOS_DEPLOYMENT_TARGET = 16.0;
				LD_RUNPATH_SEARCH_PATHS = "@executable_path/Frameworks";
				"LD_RUNPATH_SEARCH_PATHS[sdk=macosx*]" = "@executable_path/../Frameworks";
				MACOSX_DEPLOYMENT_TARGET = 13.0;
				MARKETING_VERSION = 1.0;
				PRODUCT_BUNDLE_IDENTIFIER = wtf.ambition.VisaViz;
				PRODUCT_NAME = "$(TARGET_NAME)";
				SDKROOT = auto;
				SUPPORTED_PLATFORMS = "iphoneos iphonesimulator macosx";
				SWIFT_EMIT_LOC_STRINGS = YES;
				SWIFT_VERSION = 5.0;
				TARGETED_DEVICE_FAMILY = "1,2";
			};
			name = Debug;
		};
		1D3F13F32892B5390008F2EF /* Release */ = {
			isa = XCBuildConfiguration;
			buildSettings = {
				ASSETCATALOG_COMPILER_APPICON_NAME = AppIcon;
				ASSETCATALOG_COMPILER_GLOBAL_ACCENT_COLOR_NAME = AccentColor;
				CODE_SIGN_ENTITLEMENTS = VisaViz/VisaViz.entitlements;
				CODE_SIGN_STYLE = Automatic;
				CURRENT_PROJECT_VERSION = 1;
				DEVELOPMENT_ASSET_PATHS = "\"VisaViz/Preview Content\"";
				DEVELOPMENT_TEAM = AFEX2H2TBN;
				ENABLE_HARDENED_RUNTIME = YES;
				ENABLE_PREVIEWS = YES;
				GENERATE_INFOPLIST_FILE = YES;
				"INFOPLIST_KEY_UIApplicationSceneManifest_Generation[sdk=iphoneos*]" = YES;
				"INFOPLIST_KEY_UIApplicationSceneManifest_Generation[sdk=iphonesimulator*]" = YES;
				"INFOPLIST_KEY_UIApplicationSupportsIndirectInputEvents[sdk=iphoneos*]" = YES;
				"INFOPLIST_KEY_UIApplicationSupportsIndirectInputEvents[sdk=iphonesimulator*]" = YES;
				"INFOPLIST_KEY_UILaunchScreen_Generation[sdk=iphoneos*]" = YES;
				"INFOPLIST_KEY_UILaunchScreen_Generation[sdk=iphonesimulator*]" = YES;
				INFOPLIST_KEY_UISupportedInterfaceOrientations_iPad = "UIInterfaceOrientationPortrait UIInterfaceOrientationPortraitUpsideDown UIInterfaceOrientationLandscapeLeft UIInterfaceOrientationLandscapeRight";
				INFOPLIST_KEY_UISupportedInterfaceOrientations_iPhone = "UIInterfaceOrientationPortrait UIInterfaceOrientationLandscapeLeft UIInterfaceOrientationLandscapeRight";
				IPHONEOS_DEPLOYMENT_TARGET = 16.0;
				LD_RUNPATH_SEARCH_PATHS = "@executable_path/Frameworks";
				"LD_RUNPATH_SEARCH_PATHS[sdk=macosx*]" = "@executable_path/../Frameworks";
				MACOSX_DEPLOYMENT_TARGET = 13.0;
				MARKETING_VERSION = 1.0;
				PRODUCT_BUNDLE_IDENTIFIER = wtf.ambition.VisaViz;
				PRODUCT_NAME = "$(TARGET_NAME)";
				SDKROOT = auto;
				SUPPORTED_PLATFORMS = "iphoneos iphonesimulator macosx";
				SWIFT_EMIT_LOC_STRINGS = YES;
				SWIFT_VERSION = 5.0;
				TARGETED_DEVICE_FAMILY = "1,2";
			};
			name = Release;
		};
/* End XCBuildConfiguration section */

/* Begin XCConfigurationList section */
		1D3F13DD2892B5370008F2EF /* Build configuration list for PBXProject "VisaViz" */ = {
			isa = XCConfigurationList;
			buildConfigurations = (
				1D3F13EF2892B5390008F2EF /* Debug */,
				1D3F13F02892B5390008F2EF /* Release */,
			);
			defaultConfigurationIsVisible = 0;
			defaultConfigurationName = Release;
		};
		1D3F13F12892B5390008F2EF /* Build configuration list for PBXNativeTarget "VisaViz" */ = {
			isa = XCConfigurationList;
			buildConfigurations = (
				1D3F13F22892B5390008F2EF /* Debug */,
				1D3F13F32892B5390008F2EF /* Release */,
			);
			defaultConfigurationIsVisible = 0;
			defaultConfigurationName = Release;
		};
/* End XCConfigurationList section */

/* Begin XCRemoteSwiftPackageReference section */
		1D3F13F42892B5690008F2EF /* XCRemoteSwiftPackageReference "swiftui-atom-properties" */ = {
			isa = XCRemoteSwiftPackageReference;
			repositoryURL = "https://github.com/ra1028/swiftui-atom-properties";
			requirement = {
				branch = main;
				kind = branch;
			};
		};
/* End XCRemoteSwiftPackageReference section */

/* Begin XCSwiftPackageProductDependency section */
		1D3F13F52892B5690008F2EF /* Atoms */ = {
			isa = XCSwiftPackageProductDependency;
			package = 1D3F13F42892B5690008F2EF /* XCRemoteSwiftPackageReference "swiftui-atom-properties" */;
			productName = Atoms;
		};
/* End XCSwiftPackageProductDependency section */
	};
	rootObject = 1D3F13DA2892B5370008F2EF /* Project object */;
}
