// !$*UTF8*$!
{
	archiveVersion = 1;
	classes = {
	};
	objectVersion = 50;
	objects = {

/* Begin PBXBuildFile section */
		1D44316625B3A4EB001C79B3 /* Tweet.swift in Sources */ = {isa = PBXBuildFile; fileRef = 1D44316525B3A4EB001C79B3 /* Tweet.swift */; };
		1D44316725B3A4EB001C79B3 /* Tweet.swift in Sources */ = {isa = PBXBuildFile; fileRef = 1D44316525B3A4EB001C79B3 /* Tweet.swift */; };
		1D44317125B3A53E001C79B3 /* TweetInterface.swift in Sources */ = {isa = PBXBuildFile; fileRef = 1D44317025B3A53E001C79B3 /* TweetInterface.swift */; };
		1D44317225B3A53E001C79B3 /* TweetInterface.swift in Sources */ = {isa = PBXBuildFile; fileRef = 1D44317025B3A53E001C79B3 /* TweetInterface.swift */; };
		1D44317C25B3A569001C79B3 /* TweetThread.swift in Sources */ = {isa = PBXBuildFile; fileRef = 1D44317B25B3A569001C79B3 /* TweetThread.swift */; };
		1D44317D25B3A569001C79B3 /* TweetThread.swift in Sources */ = {isa = PBXBuildFile; fileRef = 1D44317B25B3A569001C79B3 /* TweetThread.swift */; };
		1D44318325B3A5D8001C79B3 /* PreviewData.swift in Sources */ = {isa = PBXBuildFile; fileRef = 1D44318225B3A5D8001C79B3 /* PreviewData.swift */; };
		1D44318425B3A5D8001C79B3 /* PreviewData.swift in Sources */ = {isa = PBXBuildFile; fileRef = 1D44318225B3A5D8001C79B3 /* PreviewData.swift */; };
		1D44318E25B4AD9B001C79B3 /* GridGenerator.swift in Sources */ = {isa = PBXBuildFile; fileRef = 1D44318D25B4AD9B001C79B3 /* GridGenerator.swift */; };
		1D44318F25B4AD9B001C79B3 /* GridGenerator.swift in Sources */ = {isa = PBXBuildFile; fileRef = 1D44318D25B4AD9B001C79B3 /* GridGenerator.swift */; };
		1D92418C25AFD5F5009EC4EC /* GridView.swift in Sources */ = {isa = PBXBuildFile; fileRef = 1D92418B25AFD5F5009EC4EC /* GridView.swift */; };
		1D92418D25AFD5F5009EC4EC /* GridView.swift in Sources */ = {isa = PBXBuildFile; fileRef = 1D92418B25AFD5F5009EC4EC /* GridView.swift */; };
		1D92419525B1EDF1009EC4EC /* TweetArchive.swift in Sources */ = {isa = PBXBuildFile; fileRef = 1D92419425B1EDF1009EC4EC /* TweetArchive.swift */; };
		1D92419625B1EDF1009EC4EC /* TweetArchive.swift in Sources */ = {isa = PBXBuildFile; fileRef = 1D92419425B1EDF1009EC4EC /* TweetArchive.swift */; };
		1D92419A25B1F810009EC4EC /* tweet.json in Resources */ = {isa = PBXBuildFile; fileRef = 1D92419925B1F810009EC4EC /* tweet.json */; };
		1D92419B25B1F810009EC4EC /* tweet.json in Resources */ = {isa = PBXBuildFile; fileRef = 1D92419925B1F810009EC4EC /* tweet.json */; };
		1D9241A125B23D53009EC4EC /* ColorPreset.swift in Sources */ = {isa = PBXBuildFile; fileRef = 1D9241A025B23D53009EC4EC /* ColorPreset.swift */; };
		1D9241A225B23D53009EC4EC /* ColorPreset.swift in Sources */ = {isa = PBXBuildFile; fileRef = 1D9241A025B23D53009EC4EC /* ColorPreset.swift */; };
		1D9241A625B244BF009EC4EC /* ColorRandom.swift in Sources */ = {isa = PBXBuildFile; fileRef = 1D9241A525B244BF009EC4EC /* ColorRandom.swift */; };
		1D9241A725B244BF009EC4EC /* ColorRandom.swift in Sources */ = {isa = PBXBuildFile; fileRef = 1D9241A525B244BF009EC4EC /* ColorRandom.swift */; };
		1D9241AB25B24F08009EC4EC /* DateFormatter.swift in Sources */ = {isa = PBXBuildFile; fileRef = 1D9241AA25B24F08009EC4EC /* DateFormatter.swift */; };
		1D9241AC25B24F08009EC4EC /* DateFormatter.swift in Sources */ = {isa = PBXBuildFile; fileRef = 1D9241AA25B24F08009EC4EC /* DateFormatter.swift */; };
		1D9241B325B253D2009EC4EC /* WIP.swift in Sources */ = {isa = PBXBuildFile; fileRef = 1D9241B225B253D2009EC4EC /* WIP.swift */; };
		1D9241B425B253D2009EC4EC /* WIP.swift in Sources */ = {isa = PBXBuildFile; fileRef = 1D9241B225B253D2009EC4EC /* WIP.swift */; };
		1D9241B825B27A19009EC4EC /* README.md in Resources */ = {isa = PBXBuildFile; fileRef = 1D9241B725B27A19009EC4EC /* README.md */; };
		1D9241B925B27A19009EC4EC /* README.md in Resources */ = {isa = PBXBuildFile; fileRef = 1D9241B725B27A19009EC4EC /* README.md */; };
		1D9241BD25B287D6009EC4EC /* TweetView.swift in Sources */ = {isa = PBXBuildFile; fileRef = 1D9241BC25B287D6009EC4EC /* TweetView.swift */; };
		1D9241BE25B287D6009EC4EC /* TweetView.swift in Sources */ = {isa = PBXBuildFile; fileRef = 1D9241BC25B287D6009EC4EC /* TweetView.swift */; };
		1D9241C225B288A7009EC4EC /* SideView.swift in Sources */ = {isa = PBXBuildFile; fileRef = 1D9241C125B288A7009EC4EC /* SideView.swift */; };
		1D9241C325B288A7009EC4EC /* SideView.swift in Sources */ = {isa = PBXBuildFile; fileRef = 1D9241C125B288A7009EC4EC /* SideView.swift */; };
		1DE440B225AFCAEF0064C35C /* VisaVizApp.swift in Sources */ = {isa = PBXBuildFile; fileRef = 1DE4409F25AFCAEC0064C35C /* VisaVizApp.swift */; };
		1DE440B325AFCAEF0064C35C /* VisaVizApp.swift in Sources */ = {isa = PBXBuildFile; fileRef = 1DE4409F25AFCAEC0064C35C /* VisaVizApp.swift */; };
		1DE440B425AFCAEF0064C35C /* ContentView.swift in Sources */ = {isa = PBXBuildFile; fileRef = 1DE440A025AFCAEC0064C35C /* ContentView.swift */; };
		1DE440B525AFCAEF0064C35C /* ContentView.swift in Sources */ = {isa = PBXBuildFile; fileRef = 1DE440A025AFCAEC0064C35C /* ContentView.swift */; };
		1DE440B625AFCAEF0064C35C /* Assets.xcassets in Resources */ = {isa = PBXBuildFile; fileRef = 1DE440A125AFCAEF0064C35C /* Assets.xcassets */; };
		1DE440B725AFCAEF0064C35C /* Assets.xcassets in Resources */ = {isa = PBXBuildFile; fileRef = 1DE440A125AFCAEF0064C35C /* Assets.xcassets */; };
/* End PBXBuildFile section */

/* Begin PBXFileReference section */
		1D44316525B3A4EB001C79B3 /* Tweet.swift */ = {isa = PBXFileReference; lastKnownFileType = sourcecode.swift; path = Tweet.swift; sourceTree = "<group>"; };
		1D44317025B3A53E001C79B3 /* TweetInterface.swift */ = {isa = PBXFileReference; lastKnownFileType = sourcecode.swift; path = TweetInterface.swift; sourceTree = "<group>"; };
		1D44317B25B3A569001C79B3 /* TweetThread.swift */ = {isa = PBXFileReference; lastKnownFileType = sourcecode.swift; path = TweetThread.swift; sourceTree = "<group>"; };
		1D44318225B3A5D8001C79B3 /* PreviewData.swift */ = {isa = PBXFileReference; lastKnownFileType = sourcecode.swift; path = PreviewData.swift; sourceTree = "<group>"; };
		1D44318D25B4AD9B001C79B3 /* GridGenerator.swift */ = {isa = PBXFileReference; lastKnownFileType = sourcecode.swift; path = GridGenerator.swift; sourceTree = "<group>"; };
		1D92418B25AFD5F5009EC4EC /* GridView.swift */ = {isa = PBXFileReference; lastKnownFileType = sourcecode.swift; path = GridView.swift; sourceTree = "<group>"; };
		1D92419425B1EDF1009EC4EC /* TweetArchive.swift */ = {isa = PBXFileReference; lastKnownFileType = sourcecode.swift; path = TweetArchive.swift; sourceTree = "<group>"; };
		1D92419925B1F810009EC4EC /* tweet.json */ = {isa = PBXFileReference; fileEncoding = 4; lastKnownFileType = text.json; path = tweet.json; sourceTree = "<group>"; };
		1D9241A025B23D53009EC4EC /* ColorPreset.swift */ = {isa = PBXFileReference; lastKnownFileType = sourcecode.swift; path = ColorPreset.swift; sourceTree = "<group>"; };
		1D9241A525B244BF009EC4EC /* ColorRandom.swift */ = {isa = PBXFileReference; lastKnownFileType = sourcecode.swift; path = ColorRandom.swift; sourceTree = "<group>"; };
		1D9241AA25B24F08009EC4EC /* DateFormatter.swift */ = {isa = PBXFileReference; lastKnownFileType = sourcecode.swift; path = DateFormatter.swift; sourceTree = "<group>"; };
		1D9241B225B253D2009EC4EC /* WIP.swift */ = {isa = PBXFileReference; lastKnownFileType = sourcecode.swift; path = WIP.swift; sourceTree = "<group>"; };
		1D9241B725B27A19009EC4EC /* README.md */ = {isa = PBXFileReference; fileEncoding = 4; lastKnownFileType = net.daringfireball.markdown; name = README.md; path = ../README.md; sourceTree = "<group>"; };
		1D9241BC25B287D6009EC4EC /* TweetView.swift */ = {isa = PBXFileReference; lastKnownFileType = sourcecode.swift; path = TweetView.swift; sourceTree = "<group>"; };
		1D9241C125B288A7009EC4EC /* SideView.swift */ = {isa = PBXFileReference; lastKnownFileType = sourcecode.swift; path = SideView.swift; sourceTree = "<group>"; };
		1DE4409F25AFCAEC0064C35C /* VisaVizApp.swift */ = {isa = PBXFileReference; lastKnownFileType = sourcecode.swift; path = VisaVizApp.swift; sourceTree = "<group>"; };
		1DE440A025AFCAEC0064C35C /* ContentView.swift */ = {isa = PBXFileReference; lastKnownFileType = sourcecode.swift; path = ContentView.swift; sourceTree = "<group>"; };
		1DE440A125AFCAEF0064C35C /* Assets.xcassets */ = {isa = PBXFileReference; lastKnownFileType = folder.assetcatalog; path = Assets.xcassets; sourceTree = "<group>"; };
		1DE440A625AFCAEF0064C35C /* VisaViz.app */ = {isa = PBXFileReference; explicitFileType = wrapper.application; includeInIndex = 0; path = VisaViz.app; sourceTree = BUILT_PRODUCTS_DIR; };
		1DE440A925AFCAEF0064C35C /* Info.plist */ = {isa = PBXFileReference; lastKnownFileType = text.plist.xml; path = Info.plist; sourceTree = "<group>"; };
		1DE440AE25AFCAEF0064C35C /* VisaViz.app */ = {isa = PBXFileReference; explicitFileType = wrapper.application; includeInIndex = 0; path = VisaViz.app; sourceTree = BUILT_PRODUCTS_DIR; };
		1DE440B025AFCAEF0064C35C /* Info.plist */ = {isa = PBXFileReference; lastKnownFileType = text.plist.xml; path = Info.plist; sourceTree = "<group>"; };
		1DE440B125AFCAEF0064C35C /* macOS.entitlements */ = {isa = PBXFileReference; lastKnownFileType = text.plist.entitlements; path = macOS.entitlements; sourceTree = "<group>"; };
/* End PBXFileReference section */

/* Begin PBXFrameworksBuildPhase section */
		1DE440A325AFCAEF0064C35C /* Frameworks */ = {
			isa = PBXFrameworksBuildPhase;
			buildActionMask = 2147483647;
			files = (
			);
			runOnlyForDeploymentPostprocessing = 0;
		};
		1DE440AB25AFCAEF0064C35C /* Frameworks */ = {
			isa = PBXFrameworksBuildPhase;
			buildActionMask = 2147483647;
			files = (
			);
			runOnlyForDeploymentPostprocessing = 0;
		};
/* End PBXFrameworksBuildPhase section */

/* Begin PBXGroup section */
		1D9241AF25B24F12009EC4EC /* Model */ = {
			isa = PBXGroup;
			children = (
				1D92419925B1F810009EC4EC /* tweet.json */,
				1D44316525B3A4EB001C79B3 /* Tweet.swift */,
				1D44317B25B3A569001C79B3 /* TweetThread.swift */,
				1D92419425B1EDF1009EC4EC /* TweetArchive.swift */,
				1D44317025B3A53E001C79B3 /* TweetInterface.swift */,
				1D44318225B3A5D8001C79B3 /* PreviewData.swift */,
				1D9241A025B23D53009EC4EC /* ColorPreset.swift */,
				1D9241A525B244BF009EC4EC /* ColorRandom.swift */,
				1D9241AA25B24F08009EC4EC /* DateFormatter.swift */,
				1D44318D25B4AD9B001C79B3 /* GridGenerator.swift */,
			);
			path = Model;
			sourceTree = "<group>";
		};
		1D9241C625B39471009EC4EC /* Items */ = {
			isa = PBXGroup;
			children = (
				1D9241B225B253D2009EC4EC /* WIP.swift */,
				1D9241BC25B287D6009EC4EC /* TweetView.swift */,
			);
			path = Items;
			sourceTree = "<group>";
		};
		1DE4409925AFCAEC0064C35C = {
			isa = PBXGroup;
			children = (
				1D9241B725B27A19009EC4EC /* README.md */,
				1DE4409E25AFCAEC0064C35C /* Shared */,
				1DE440A825AFCAEF0064C35C /* iOS */,
				1DE440AF25AFCAEF0064C35C /* macOS */,
				1DE440A725AFCAEF0064C35C /* Products */,
			);
			sourceTree = "<group>";
		};
		1DE4409E25AFCAEC0064C35C /* Shared */ = {
			isa = PBXGroup;
			children = (
				1DE4409F25AFCAEC0064C35C /* VisaVizApp.swift */,
				1DE440A025AFCAEC0064C35C /* ContentView.swift */,
				1D92418B25AFD5F5009EC4EC /* GridView.swift */,
				1D9241C125B288A7009EC4EC /* SideView.swift */,
				1D9241C625B39471009EC4EC /* Items */,
				1D9241AF25B24F12009EC4EC /* Model */,
				1DE440A125AFCAEF0064C35C /* Assets.xcassets */,
			);
			path = Shared;
			sourceTree = "<group>";
		};
		1DE440A725AFCAEF0064C35C /* Products */ = {
			isa = PBXGroup;
			children = (
				1DE440A625AFCAEF0064C35C /* VisaViz.app */,
				1DE440AE25AFCAEF0064C35C /* VisaViz.app */,
			);
			name = Products;
			sourceTree = "<group>";
		};
		1DE440A825AFCAEF0064C35C /* iOS */ = {
			isa = PBXGroup;
			children = (
				1DE440A925AFCAEF0064C35C /* Info.plist */,
			);
			path = iOS;
			sourceTree = "<group>";
		};
		1DE440AF25AFCAEF0064C35C /* macOS */ = {
			isa = PBXGroup;
			children = (
				1DE440B025AFCAEF0064C35C /* Info.plist */,
				1DE440B125AFCAEF0064C35C /* macOS.entitlements */,
			);
			path = macOS;
			sourceTree = "<group>";
		};
/* End PBXGroup section */

/* Begin PBXNativeTarget section */
		1DE440A525AFCAEF0064C35C /* VisaViz (iOS) */ = {
			isa = PBXNativeTarget;
			buildConfigurationList = 1DE440BA25AFCAEF0064C35C /* Build configuration list for PBXNativeTarget "VisaViz (iOS)" */;
			buildPhases = (
				1DE440A225AFCAEF0064C35C /* Sources */,
				1DE440A325AFCAEF0064C35C /* Frameworks */,
				1DE440A425AFCAEF0064C35C /* Resources */,
			);
			buildRules = (
			);
			dependencies = (
			);
			name = "VisaViz (iOS)";
			productName = "VisaViz (iOS)";
			productReference = 1DE440A625AFCAEF0064C35C /* VisaViz.app */;
			productType = "com.apple.product-type.application";
		};
		1DE440AD25AFCAEF0064C35C /* VisaViz (macOS) */ = {
			isa = PBXNativeTarget;
			buildConfigurationList = 1DE440BD25AFCAEF0064C35C /* Build configuration list for PBXNativeTarget "VisaViz (macOS)" */;
			buildPhases = (
				1DE440AA25AFCAEF0064C35C /* Sources */,
				1DE440AB25AFCAEF0064C35C /* Frameworks */,
				1DE440AC25AFCAEF0064C35C /* Resources */,
			);
			buildRules = (
			);
			dependencies = (
			);
			name = "VisaViz (macOS)";
			productName = "VisaViz (macOS)";
			productReference = 1DE440AE25AFCAEF0064C35C /* VisaViz.app */;
			productType = "com.apple.product-type.application";
		};
/* End PBXNativeTarget section */

/* Begin PBXProject section */
		1DE4409A25AFCAEC0064C35C /* Project object */ = {
			isa = PBXProject;
			attributes = {
				LastSwiftUpdateCheck = 1230;
				LastUpgradeCheck = 1230;
				TargetAttributes = {
					1DE440A525AFCAEF0064C35C = {
						CreatedOnToolsVersion = 12.3;
					};
					1DE440AD25AFCAEF0064C35C = {
						CreatedOnToolsVersion = 12.3;
					};
				};
			};
			buildConfigurationList = 1DE4409D25AFCAEC0064C35C /* Build configuration list for PBXProject "VisaViz" */;
			compatibilityVersion = "Xcode 9.3";
			developmentRegion = en;
			hasScannedForEncodings = 0;
			knownRegions = (
				en,
				Base,
			);
			mainGroup = 1DE4409925AFCAEC0064C35C;
			productRefGroup = 1DE440A725AFCAEF0064C35C /* Products */;
			projectDirPath = "";
			projectRoot = "";
			targets = (
				1DE440A525AFCAEF0064C35C /* VisaViz (iOS) */,
				1DE440AD25AFCAEF0064C35C /* VisaViz (macOS) */,
			);
		};
/* End PBXProject section */

/* Begin PBXResourcesBuildPhase section */
		1DE440A425AFCAEF0064C35C /* Resources */ = {
			isa = PBXResourcesBuildPhase;
			buildActionMask = 2147483647;
			files = (
				1D9241B825B27A19009EC4EC /* README.md in Resources */,
				1D92419A25B1F810009EC4EC /* tweet.json in Resources */,
				1DE440B625AFCAEF0064C35C /* Assets.xcassets in Resources */,
			);
			runOnlyForDeploymentPostprocessing = 0;
		};
		1DE440AC25AFCAEF0064C35C /* Resources */ = {
			isa = PBXResourcesBuildPhase;
			buildActionMask = 2147483647;
			files = (
				1D9241B925B27A19009EC4EC /* README.md in Resources */,
				1D92419B25B1F810009EC4EC /* tweet.json in Resources */,
				1DE440B725AFCAEF0064C35C /* Assets.xcassets in Resources */,
			);
			runOnlyForDeploymentPostprocessing = 0;
		};
/* End PBXResourcesBuildPhase section */

/* Begin PBXSourcesBuildPhase section */
		1DE440A225AFCAEF0064C35C /* Sources */ = {
			isa = PBXSourcesBuildPhase;
			buildActionMask = 2147483647;
			files = (
				1D44317125B3A53E001C79B3 /* TweetInterface.swift in Sources */,
				1DE440B425AFCAEF0064C35C /* ContentView.swift in Sources */,
				1D44316625B3A4EB001C79B3 /* Tweet.swift in Sources */,
				1D92418C25AFD5F5009EC4EC /* GridView.swift in Sources */,
				1D44318325B3A5D8001C79B3 /* PreviewData.swift in Sources */,
				1DE440B225AFCAEF0064C35C /* VisaVizApp.swift in Sources */,
				1D9241AB25B24F08009EC4EC /* DateFormatter.swift in Sources */,
				1D44317C25B3A569001C79B3 /* TweetThread.swift in Sources */,
				1D9241B325B253D2009EC4EC /* WIP.swift in Sources */,
				1D9241C225B288A7009EC4EC /* SideView.swift in Sources */,
				1D9241A125B23D53009EC4EC /* ColorPreset.swift in Sources */,
				1D9241A625B244BF009EC4EC /* ColorRandom.swift in Sources */,
				1D44318E25B4AD9B001C79B3 /* GridGenerator.swift in Sources */,
				1D9241BD25B287D6009EC4EC /* TweetView.swift in Sources */,
				1D92419525B1EDF1009EC4EC /* TweetArchive.swift in Sources */,
			);
			runOnlyForDeploymentPostprocessing = 0;
		};
		1DE440AA25AFCAEF0064C35C /* Sources */ = {
			isa = PBXSourcesBuildPhase;
			buildActionMask = 2147483647;
			files = (
				1D44317225B3A53E001C79B3 /* TweetInterface.swift in Sources */,
				1DE440B525AFCAEF0064C35C /* ContentView.swift in Sources */,
				1D44316725B3A4EB001C79B3 /* Tweet.swift in Sources */,
				1D92418D25AFD5F5009EC4EC /* GridView.swift in Sources */,
				1D44318425B3A5D8001C79B3 /* PreviewData.swift in Sources */,
				1DE440B325AFCAEF0064C35C /* VisaVizApp.swift in Sources */,
				1D9241AC25B24F08009EC4EC /* DateFormatter.swift in Sources */,
				1D44317D25B3A569001C79B3 /* TweetThread.swift in Sources */,
				1D9241B425B253D2009EC4EC /* WIP.swift in Sources */,
				1D9241C325B288A7009EC4EC /* SideView.swift in Sources */,
				1D9241A225B23D53009EC4EC /* ColorPreset.swift in Sources */,
				1D9241A725B244BF009EC4EC /* ColorRandom.swift in Sources */,
				1D44318F25B4AD9B001C79B3 /* GridGenerator.swift in Sources */,
				1D9241BE25B287D6009EC4EC /* TweetView.swift in Sources */,
				1D92419625B1EDF1009EC4EC /* TweetArchive.swift in Sources */,
			);
			runOnlyForDeploymentPostprocessing = 0;
		};
/* End PBXSourcesBuildPhase section */

/* Begin XCBuildConfiguration section */
		1DE440B825AFCAEF0064C35C /* Debug */ = {
			isa = XCBuildConfiguration;
			buildSettings = {
				ALWAYS_SEARCH_USER_PATHS = NO;
				CLANG_ANALYZER_NONNULL = YES;
				CLANG_ANALYZER_NUMBER_OBJECT_CONVERSION = YES_AGGRESSIVE;
				CLANG_CXX_LANGUAGE_STANDARD = "gnu++14";
				CLANG_CXX_LIBRARY = "libc++";
				CLANG_ENABLE_MODULES = YES;
				CLANG_ENABLE_OBJC_ARC = YES;
				CLANG_ENABLE_OBJC_WEAK = YES;
				CLANG_WARN_BLOCK_CAPTURE_AUTORELEASING = YES;
				CLANG_WARN_BOOL_CONVERSION = YES;
				CLANG_WARN_COMMA = YES;
				CLANG_WARN_CONSTANT_CONVERSION = YES;
				CLANG_WARN_DEPRECATED_OBJC_IMPLEMENTATIONS = YES;
				CLANG_WARN_DIRECT_OBJC_ISA_USAGE = YES_ERROR;
				CLANG_WARN_DOCUMENTATION_COMMENTS = YES;
				CLANG_WARN_EMPTY_BODY = YES;
				CLANG_WARN_ENUM_CONVERSION = YES;
				CLANG_WARN_INFINITE_RECURSION = YES;
				CLANG_WARN_INT_CONVERSION = YES;
				CLANG_WARN_NON_LITERAL_NULL_CONVERSION = YES;
				CLANG_WARN_OBJC_IMPLICIT_RETAIN_SELF = YES;
				CLANG_WARN_OBJC_LITERAL_CONVERSION = YES;
				CLANG_WARN_OBJC_ROOT_CLASS = YES_ERROR;
				CLANG_WARN_QUOTED_INCLUDE_IN_FRAMEWORK_HEADER = YES;
				CLANG_WARN_RANGE_LOOP_ANALYSIS = YES;
				CLANG_WARN_STRICT_PROTOTYPES = YES;
				CLANG_WARN_SUSPICIOUS_MOVE = YES;
				CLANG_WARN_UNGUARDED_AVAILABILITY = YES_AGGRESSIVE;
				CLANG_WARN_UNREACHABLE_CODE = YES;
				CLANG_WARN__DUPLICATE_METHOD_MATCH = YES;
				COPY_PHASE_STRIP = NO;
				DEBUG_INFORMATION_FORMAT = dwarf;
				ENABLE_STRICT_OBJC_MSGSEND = YES;
				ENABLE_TESTABILITY = YES;
				GCC_C_LANGUAGE_STANDARD = gnu11;
				GCC_DYNAMIC_NO_PIC = NO;
				GCC_NO_COMMON_BLOCKS = YES;
				GCC_OPTIMIZATION_LEVEL = 0;
				GCC_PREPROCESSOR_DEFINITIONS = (
					"DEBUG=1",
					"$(inherited)",
				);
				GCC_WARN_64_TO_32_BIT_CONVERSION = YES;
				GCC_WARN_ABOUT_RETURN_TYPE = YES_ERROR;
				GCC_WARN_UNDECLARED_SELECTOR = YES;
				GCC_WARN_UNINITIALIZED_AUTOS = YES_AGGRESSIVE;
				GCC_WARN_UNUSED_FUNCTION = YES;
				GCC_WARN_UNUSED_VARIABLE = YES;
				MTL_ENABLE_DEBUG_INFO = INCLUDE_SOURCE;
				MTL_FAST_MATH = YES;
				ONLY_ACTIVE_ARCH = YES;
				SWIFT_ACTIVE_COMPILATION_CONDITIONS = DEBUG;
				SWIFT_OPTIMIZATION_LEVEL = "-Onone";
			};
			name = Debug;
		};
		1DE440B925AFCAEF0064C35C /* Release */ = {
			isa = XCBuildConfiguration;
			buildSettings = {
				ALWAYS_SEARCH_USER_PATHS = NO;
				CLANG_ANALYZER_NONNULL = YES;
				CLANG_ANALYZER_NUMBER_OBJECT_CONVERSION = YES_AGGRESSIVE;
				CLANG_CXX_LANGUAGE_STANDARD = "gnu++14";
				CLANG_CXX_LIBRARY = "libc++";
				CLANG_ENABLE_MODULES = YES;
				CLANG_ENABLE_OBJC_ARC = YES;
				CLANG_ENABLE_OBJC_WEAK = YES;
				CLANG_WARN_BLOCK_CAPTURE_AUTORELEASING = YES;
				CLANG_WARN_BOOL_CONVERSION = YES;
				CLANG_WARN_COMMA = YES;
				CLANG_WARN_CONSTANT_CONVERSION = YES;
				CLANG_WARN_DEPRECATED_OBJC_IMPLEMENTATIONS = YES;
				CLANG_WARN_DIRECT_OBJC_ISA_USAGE = YES_ERROR;
				CLANG_WARN_DOCUMENTATION_COMMENTS = YES;
				CLANG_WARN_EMPTY_BODY = YES;
				CLANG_WARN_ENUM_CONVERSION = YES;
				CLANG_WARN_INFINITE_RECURSION = YES;
				CLANG_WARN_INT_CONVERSION = YES;
				CLANG_WARN_NON_LITERAL_NULL_CONVERSION = YES;
				CLANG_WARN_OBJC_IMPLICIT_RETAIN_SELF = YES;
				CLANG_WARN_OBJC_LITERAL_CONVERSION = YES;
				CLANG_WARN_OBJC_ROOT_CLASS = YES_ERROR;
				CLANG_WARN_QUOTED_INCLUDE_IN_FRAMEWORK_HEADER = YES;
				CLANG_WARN_RANGE_LOOP_ANALYSIS = YES;
				CLANG_WARN_STRICT_PROTOTYPES = YES;
				CLANG_WARN_SUSPICIOUS_MOVE = YES;
				CLANG_WARN_UNGUARDED_AVAILABILITY = YES_AGGRESSIVE;
				CLANG_WARN_UNREACHABLE_CODE = YES;
				CLANG_WARN__DUPLICATE_METHOD_MATCH = YES;
				COPY_PHASE_STRIP = NO;
				DEBUG_INFORMATION_FORMAT = "dwarf-with-dsym";
				ENABLE_NS_ASSERTIONS = NO;
				ENABLE_STRICT_OBJC_MSGSEND = YES;
				GCC_C_LANGUAGE_STANDARD = gnu11;
				GCC_NO_COMMON_BLOCKS = YES;
				GCC_WARN_64_TO_32_BIT_CONVERSION = YES;
				GCC_WARN_ABOUT_RETURN_TYPE = YES_ERROR;
				GCC_WARN_UNDECLARED_SELECTOR = YES;
				GCC_WARN_UNINITIALIZED_AUTOS = YES_AGGRESSIVE;
				GCC_WARN_UNUSED_FUNCTION = YES;
				GCC_WARN_UNUSED_VARIABLE = YES;
				MTL_ENABLE_DEBUG_INFO = NO;
				MTL_FAST_MATH = YES;
				SWIFT_COMPILATION_MODE = wholemodule;
				SWIFT_OPTIMIZATION_LEVEL = "-O";
			};
			name = Release;
		};
		1DE440BB25AFCAEF0064C35C /* Debug */ = {
			isa = XCBuildConfiguration;
			buildSettings = {
				ASSETCATALOG_COMPILER_APPICON_NAME = AppIcon;
				ASSETCATALOG_COMPILER_GLOBAL_ACCENT_COLOR_NAME = AccentColor;
				CODE_SIGN_STYLE = Automatic;
				DEVELOPMENT_TEAM = AFEX2H2TBN;
				ENABLE_PREVIEWS = YES;
				INFOPLIST_FILE = iOS/Info.plist;
				IPHONEOS_DEPLOYMENT_TARGET = 14.0;
				LD_RUNPATH_SEARCH_PATHS = (
					"$(inherited)",
					"@executable_path/Frameworks",
				);
				PRODUCT_BUNDLE_IDENTIFIER = green.felix.VisaViz;
				PRODUCT_NAME = VisaViz;
				SDKROOT = iphoneos;
				SWIFT_VERSION = 5.0;
				TARGETED_DEVICE_FAMILY = "1,2";
			};
			name = Debug;
		};
		1DE440BC25AFCAEF0064C35C /* Release */ = {
			isa = XCBuildConfiguration;
			buildSettings = {
				ASSETCATALOG_COMPILER_APPICON_NAME = AppIcon;
				ASSETCATALOG_COMPILER_GLOBAL_ACCENT_COLOR_NAME = AccentColor;
				CODE_SIGN_STYLE = Automatic;
				DEVELOPMENT_TEAM = AFEX2H2TBN;
				ENABLE_PREVIEWS = YES;
				INFOPLIST_FILE = iOS/Info.plist;
				IPHONEOS_DEPLOYMENT_TARGET = 14.0;
				LD_RUNPATH_SEARCH_PATHS = (
					"$(inherited)",
					"@executable_path/Frameworks",
				);
				PRODUCT_BUNDLE_IDENTIFIER = green.felix.VisaViz;
				PRODUCT_NAME = VisaViz;
				SDKROOT = iphoneos;
				SWIFT_VERSION = 5.0;
				TARGETED_DEVICE_FAMILY = "1,2";
				VALIDATE_PRODUCT = YES;
			};
			name = Release;
		};
		1DE440BE25AFCAEF0064C35C /* Debug */ = {
			isa = XCBuildConfiguration;
			buildSettings = {
				ASSETCATALOG_COMPILER_APPICON_NAME = AppIcon;
				ASSETCATALOG_COMPILER_GLOBAL_ACCENT_COLOR_NAME = AccentColor;
				CODE_SIGN_ENTITLEMENTS = macOS/macOS.entitlements;
				CODE_SIGN_STYLE = Automatic;
				COMBINE_HIDPI_IMAGES = YES;
				DEVELOPMENT_TEAM = AFEX2H2TBN;
				ENABLE_HARDENED_RUNTIME = YES;
				ENABLE_PREVIEWS = YES;
				INFOPLIST_FILE = macOS/Info.plist;
				LD_RUNPATH_SEARCH_PATHS = (
					"$(inherited)",
					"@executable_path/../Frameworks",
				);
				MACOSX_DEPLOYMENT_TARGET = 11.0;
				PRODUCT_BUNDLE_IDENTIFIER = green.felix.VisaViz;
				PRODUCT_NAME = VisaViz;
				SDKROOT = macosx;
				SWIFT_VERSION = 5.0;
			};
			name = Debug;
		};
		1DE440BF25AFCAEF0064C35C /* Release */ = {
			isa = XCBuildConfiguration;
			buildSettings = {
				ASSETCATALOG_COMPILER_APPICON_NAME = AppIcon;
				ASSETCATALOG_COMPILER_GLOBAL_ACCENT_COLOR_NAME = AccentColor;
				CODE_SIGN_ENTITLEMENTS = macOS/macOS.entitlements;
				CODE_SIGN_STYLE = Automatic;
				COMBINE_HIDPI_IMAGES = YES;
				DEVELOPMENT_TEAM = AFEX2H2TBN;
				ENABLE_HARDENED_RUNTIME = YES;
				ENABLE_PREVIEWS = YES;
				INFOPLIST_FILE = macOS/Info.plist;
				LD_RUNPATH_SEARCH_PATHS = (
					"$(inherited)",
					"@executable_path/../Frameworks",
				);
				MACOSX_DEPLOYMENT_TARGET = 11.0;
				PRODUCT_BUNDLE_IDENTIFIER = green.felix.VisaViz;
				PRODUCT_NAME = VisaViz;
				SDKROOT = macosx;
				SWIFT_VERSION = 5.0;
			};
			name = Release;
		};
/* End XCBuildConfiguration section */

/* Begin XCConfigurationList section */
		1DE4409D25AFCAEC0064C35C /* Build configuration list for PBXProject "VisaViz" */ = {
			isa = XCConfigurationList;
			buildConfigurations = (
				1DE440B825AFCAEF0064C35C /* Debug */,
				1DE440B925AFCAEF0064C35C /* Release */,
			);
			defaultConfigurationIsVisible = 0;
			defaultConfigurationName = Release;
		};
		1DE440BA25AFCAEF0064C35C /* Build configuration list for PBXNativeTarget "VisaViz (iOS)" */ = {
			isa = XCConfigurationList;
			buildConfigurations = (
				1DE440BB25AFCAEF0064C35C /* Debug */,
				1DE440BC25AFCAEF0064C35C /* Release */,
			);
			defaultConfigurationIsVisible = 0;
			defaultConfigurationName = Release;
		};
		1DE440BD25AFCAEF0064C35C /* Build configuration list for PBXNativeTarget "VisaViz (macOS)" */ = {
			isa = XCConfigurationList;
			buildConfigurations = (
				1DE440BE25AFCAEF0064C35C /* Debug */,
				1DE440BF25AFCAEF0064C35C /* Release */,
			);
			defaultConfigurationIsVisible = 0;
			defaultConfigurationName = Release;
		};
/* End XCConfigurationList section */
	};
	rootObject = 1DE4409A25AFCAEC0064C35C /* Project object */;
}
